
Microsoft Visual Studio Solution File, Format Version 12.00
# Visual Studio Version 17
VisualStudioVersion = 17.12.35707.178 d17.12
MinimumVisualStudioVersion = 10.0.40219.1
Project("{8BC9CEB8-8B4A-11D0-8D11-00A0C91BC942}") = "CudaDilation", "CudaDilation\CudaDilation.vcxproj", "{E54F6A42-1203-40EB-985C-4DFB3D532712}"
EndProject
Global
	GlobalSection(SolutionConfigurationPlatforms) = preSolution
		Debug|x64 = Debug|x64
		Release|x64 = Release|x64
	EndGlobalSection
	GlobalSection(ProjectConfigurationPlatforms) = postSolution
		{E54F6A42-1203-40EB-985C-4DFB3D532712}.Debug|x64.ActiveCfg = Debug|x64
		{E54F6A42-1203-40EB-985C-4DFB3D532712}.Debug|x64.Build.0 = Debug|x64
		{E54F6A42-1203-40EB-985C-4DFB3D532712}.Release|x64.ActiveCfg = Release|x64
		{E54F6A42-1203-40EB-985C-4DFB3D532712}.Release|x64.Build.0 = Release|x64
	EndGlobalSection
	GlobalSection(SolutionProperties) = preSolution
		HideSolutionNode = FALSE
	EndGlobalSection
EndGlobal
